// !$*UTF8*$!
{
	archiveVersion = 1;
	classes = {
	};
	objectVersion = 46;
	objects = {

/* Begin PBXBuildFile section */
		A952A3B71CF0A71800BB4F68 /* AppDelegate.swift in Sources */ = {isa = PBXBuildFile; fileRef = A952A3B61CF0A71800BB4F68 /* AppDelegate.swift */; };
		A952A3B91CF0A71800BB4F68 /* ViewController.swift in Sources */ = {isa = PBXBuildFile; fileRef = A952A3B81CF0A71800BB4F68 /* ViewController.swift */; };
		A952A3BC1CF0A71800BB4F68 /* Main.storyboard in Resources */ = {isa = PBXBuildFile; fileRef = A952A3BA1CF0A71800BB4F68 /* Main.storyboard */; };
		A952A3BE1CF0A71800BB4F68 /* Assets.xcassets in Resources */ = {isa = PBXBuildFile; fileRef = A952A3BD1CF0A71800BB4F68 /* Assets.xcassets */; };
		A952A3C11CF0A71900BB4F68 /* LaunchScreen.storyboard in Resources */ = {isa = PBXBuildFile; fileRef = A952A3BF1CF0A71800BB4F68 /* LaunchScreen.storyboard */; };
/* End PBXBuildFile section */

/* Begin PBXFileReference section */
		A952A3B31CF0A71800BB4F68 /* SuperCool.app */ = {isa = PBXFileReference; explicitFileType = wrapper.application; includeInIndex = 0; path = SuperCool.app; sourceTree = BUILT_PRODUCTS_DIR; };
		A952A3B61CF0A71800BB4F68 /* AppDelegate.swift */ = {isa = PBXFileReference; lastKnownFileType = sourcecode.swift; path = AppDelegate.swift; sourceTree = "<group>"; };
		A952A3B81CF0A71800BB4F68 /* ViewController.swift */ = {isa = PBXFileReference; lastKnownFileType = sourcecode.swift; path = ViewController.swift; sourceTree = "<group>"; };
		A952A3BB1CF0A71800BB4F68 /* Base */ = {isa = PBXFileReference; lastKnownFileType = file.storyboard; name = Base; path = Base.lproj/Main.storyboard; sourceTree = "<group>"; };
		A952A3BD1CF0A71800BB4F68 /* Assets.xcassets */ = {isa = PBXFileReference; lastKnownFileType = folder.assetcatalog; path = Assets.xcassets; sourceTree = "<group>"; };
		A952A3C01CF0A71900BB4F68 /* Base */ = {isa = PBXFileReference; lastKnownFileType = file.storyboard; name = Base; path = Base.lproj/LaunchScreen.storyboard; sourceTree = "<group>"; };
		A952A3C21CF0A71900BB4F68 /* Info.plist */ = {isa = PBXFileReference; lastKnownFileType = text.plist.xml; path = Info.plist; sourceTree = "<group>"; };
/* End PBXFileReference section */

/* Begin PBXFrameworksBuildPhase section */
		A952A3B01CF0A71800BB4F68 /* Frameworks */ = {
			isa = PBXFrameworksBuildPhase;
			buildActionMask = 2147483647;
			files = (
			);
			runOnlyForDeploymentPostprocessing = 0;
		};
/* End PBXFrameworksBuildPhase section */

/* Begin PBXGroup section */
		A952A3AA1CF0A71700BB4F68 = {
			isa = PBXGroup;
			children = (
				A952A3B51CF0A71800BB4F68 /* SuperCool */,
				A952A3B41CF0A71800BB4F68 /* Products */,
			);
			sourceTree = "<group>";
		};
		A952A3B41CF0A71800BB4F68 /* Products */ = {
			isa = PBXGroup;
			children = (
				A952A3B31CF0A71800BB4F68 /* SuperCool.app */,
			);
			name = Products;
			sourceTree = "<group>";
		};
		A952A3B51CF0A71800BB4F68 /* SuperCool */ = {
			isa = PBXGroup;
			children = (
				A952A3B61CF0A71800BB4F68 /* AppDelegate.swift */,
				A952A3B81CF0A71800BB4F68 /* ViewController.swift */,
				A952A3BA1CF0A71800BB4F68 /* Main.storyboard */,
				A952A3BD1CF0A71800BB4F68 /* Assets.xcassets */,
				A952A3BF1CF0A71800BB4F68 /* LaunchScreen.storyboard */,
				A952A3C21CF0A71900BB4F68 /* Info.plist */,
			);
			path = SuperCool;
			sourceTree = "<group>";
		};
/* End PBXGroup section */

/* Begin PBXNativeTarget section */
		A952A3B21CF0A71800BB4F68 /* SuperCool */ = {
			isa = PBXNativeTarget;
			buildConfigurationList = A952A3C51CF0A71900BB4F68 /* Build configuration list for PBXNativeTarget "SuperCool" */;
			buildPhases = (
				A952A3AF1CF0A71800BB4F68 /* Sources */,
				A952A3B01CF0A71800BB4F68 /* Frameworks */,
				A952A3B11CF0A71800BB4F68 /* Resources */,
			);
			buildRules = (
			);
			dependencies = (
			);
			name = SuperCool;
			productName = SuperCool;
			productReference = A952A3B31CF0A71800BB4F68 /* SuperCool.app */;
			productType = "com.apple.product-type.application";
		};
/* End PBXNativeTarget section */

/* Begin PBXProject section */
		A952A3AB1CF0A71700BB4F68 /* Project object */ = {
			isa = PBXProject;
			attributes = {
				LastSwiftUpdateCheck = 0730;
				LastUpgradeCheck = 0730;
				ORGANIZATIONNAME = MeitarB;
				TargetAttributes = {
					A952A3B21CF0A71800BB4F68 = {
						CreatedOnToolsVersion = 7.3.1;
						DevelopmentTeam = F47WN96DV5;
					};
				};
			};
			buildConfigurationList = A952A3AE1CF0A71700BB4F68 /* Build configuration list for PBXProject "SuperCool" */;
			compatibilityVersion = "Xcode 3.2";
			developmentRegion = English;
			hasScannedForEncodings = 0;
			knownRegions = (
				en,
				Base,
			);
			mainGroup = A952A3AA1CF0A71700BB4F68;
			productRefGroup = A952A3B41CF0A71800BB4F68 /* Products */;
			projectDirPath = "";
			projectRoot = "";
			targets = (
				A952A3B21CF0A71800BB4F68 /* SuperCool */,
			);
		};
/* End PBXProject section */

/* Begin PBXResourcesBuildPhase section */
		A952A3B11CF0A71800BB4F68 /* Resources */ = {
			isa = PBXResourcesBuildPhase;
			buildActionMask = 2147483647;
			files = (
				A952A3C11CF0A71900BB4F68 /* LaunchScreen.storyboard in Resources */,
				A952A3BE1CF0A71800BB4F68 /* Assets.xcassets in Resources */,
				A952A3BC1CF0A71800BB4F68 /* Main.storyboard in Resources */,
			);
			runOnlyForDeploymentPostprocessing = 0;
		};
/* End PBXResourcesBuildPhase section */

/* Begin PBXSourcesBuildPhase section */
		A952A3AF1CF0A71800BB4F68 /* Sources */ = {
			isa = PBXSourcesBuildPhase;
			buildActionMask = 2147483647;
			files = (
				A952A3B91CF0A71800BB4F68 /* ViewController.swift in Sources */,
				A952A3B71CF0A71800BB4F68 /* AppDelegate.swift in Sources */,
			);
			runOnlyForDeploymentPostprocessing = 0;
		};
/* End PBXSourcesBuildPhase section */

/* Begin PBXVariantGroup section */
		A952A3BA1CF0A71800BB4F68 /* Main.storyboard */ = {
			isa = PBXVariantGroup;
			children = (
				A952A3BB1CF0A71800BB4F68 /* Base */,
			);
			name = Main.storyboard;
			sourceTree = "<group>";
		};
		A952A3BF1CF0A71800BB4F68 /* LaunchScreen.storyboard */ = {
			isa = PBXVariantGroup;
			children = (
				A952A3C01CF0A71900BB4F68 /* Base */,
			);
			name = LaunchScreen.storyboard;
			sourceTree = "<group>";
		};
/* End PBXVariantGroup section */

/* Begin XCBuildConfiguration section */
		A952A3C31CF0A71900BB4F68 /* Debug */ = {
			isa = XCBuildConfiguration;
			buildSettings = {
				ALWAYS_SEARCH_USER_PATHS = NO;
				CLANG_ANALYZER_NONNULL = YES;
				CLANG_CXX_LANGUAGE_STANDARD = "gnu++0x";
				CLANG_CXX_LIBRARY = "libc++";
				CLANG_ENABLE_MODULES = YES;
				CLANG_ENABLE_OBJC_ARC = YES;
				CLANG_WARN_BOOL_CONVERSION = YES;
				CLANG_WARN_CONSTANT_CONVERSION = YES;
				CLANG_WARN_DIRECT_OBJC_ISA_USAGE = YES_ERROR;
				CLANG_WARN_EMPTY_BODY = YES;
				CLANG_WARN_ENUM_CONVERSION = YES;
				CLANG_WARN_INT_CONVERSION = YES;
				CLANG_WARN_OBJC_ROOT_CLASS = YES_ERROR;
				CLANG_WARN_UNREACHABLE_CODE = YES;
				CLANG_WARN__DUPLICATE_METHOD_MATCH = YES;
				"CODE_SIGN_IDENTITY[sdk=iphoneos*]" = "iPhone Developer";
				COPY_PHASE_STRIP = NO;
				DEBUG_INFORMATION_FORMAT = dwarf;
				ENABLE_STRICT_OBJC_MSGSEND = YES;
				ENABLE_TESTABILITY = YES;
				GCC_C_LANGUAGE_STANDARD = gnu99;
				GCC_DYNAMIC_NO_PIC = NO;
				GCC_NO_COMMON_BLOCKS = YES;
				GCC_OPTIMIZATION_LEVEL = 0;
				GCC_PREPROCESSOR_DEFINITIONS = (
					"DEBUG=1",
					"$(inherited)",
				);
				GCC_WARN_64_TO_32_BIT_CONVERSION = YES;
				GCC_WARN_ABOUT_RETURN_TYPE = YES_ERROR;
				GCC_WARN_UNDECLARED_SELECTOR = YES;
				GCC_WARN_UNINITIALIZED_AUTOS = YES_AGGRESSIVE;
				GCC_WARN_UNUSED_FUNCTION = YES;
				GCC_WARN_UNUSED_VARIABLE = YES;
				IPHONEOS_DEPLOYMENT_TARGET = 9.3;
				MTL_ENABLE_DEBUG_INFO = YES;
				ONLY_ACTIVE_ARCH = YES;
				SDKROOT = iphoneos;
				SWIFT_OPTIMIZATION_LEVEL = "-Onone";
			};
			name = Debug;
		};
		A952A3C41CF0A71900BB4F68 /* Release */ = {
			isa = XCBuildConfiguration;
			buildSettings = {
				ALWAYS_SEARCH_USER_PATHS = NO;
				CLANG_ANALYZER_NONNULL = YES;
				CLANG_CXX_LANGUAGE_STANDARD = "gnu++0x";
				CLANG_CXX_LIBRARY = "libc++";
				CLANG_ENABLE_MODULES = YES;
				CLANG_ENABLE_OBJC_ARC = YES;
				CLANG_WARN_BOOL_CONVERSION = YES;
				CLANG_WARN_CONSTANT_CONVERSION = YES;
				CLANG_WARN_DIRECT_OBJC_ISA_USAGE = YES_ERROR;
				CLANG_WARN_EMPTY_BODY = YES;
				CLANG_WARN_ENUM_CONVERSION = YES;
				CLANG_WARN_INT_CONVERSION = YES;
				CLANG_WARN_OBJC_ROOT_CLASS = YES_ERROR;
				CLANG_WARN_UNREACHABLE_CODE = YES;
				CLANG_WARN__DUPLICATE_METHOD_MATCH = YES;
				"CODE_SIGN_IDENTITY[sdk=iphoneos*]" = "iPhone Developer";
				COPY_PHASE_STRIP = NO;
				DEBUG_INFORMATION_FORMAT = "dwarf-with-dsym";
				ENABLE_NS_ASSERTIONS = NO;
				ENABLE_STRICT_OBJC_MSGSEND = YES;
				GCC_C_LANGUAGE_STANDARD = gnu99;
				GCC_NO_COMMON_BLOCKS = YES;
				GCC_WARN_64_TO_32_BIT_CONVERSION = YES;
				GCC_WARN_ABOUT_RETURN_TYPE = YES_ERROR;
				GCC_WARN_UNDECLARED_SELECTOR = YES;
				GCC_WARN_UNINITIALIZED_AUTOS = YES_AGGRESSIVE;
				GCC_WARN_UNUSED_FUNCTION = YES;
				GCC_WARN_UNUSED_VARIABLE = YES;
				IPHONEOS_DEPLOYMENT_TARGET = 9.3;
				MTL_ENABLE_DEBUG_INFO = NO;
				SDKROOT = iphoneos;
				VALIDATE_PRODUCT = YES;
			};
			name = Release;
		};
		A952A3C61CF0A71900BB4F68 /* Debug */ = {
			isa = XCBuildConfiguration;
			buildSettings = {
				ASSETCATALOG_COMPILER_APPICON_NAME = AppIcon;
				INFOPLIST_FILE = SuperCool/Info.plist;
				LD_RUNPATH_SEARCH_PATHS = "$(inherited) @executable_path/Frameworks";
				PRODUCT_BUNDLE_IDENTIFIER = com.MeitarB.SuperCool;
				PRODUCT_NAME = "$(TARGET_NAME)";
			};
			name = Debug;
		};
		A952A3C71CF0A71900BB4F68 /* Release */ = {
			isa = XCBuildConfiguration;
			buildSettings = {
				ASSETCATALOG_COMPILER_APPICON_NAME = AppIcon;
				INFOPLIST_FILE = SuperCool/Info.plist;
				LD_RUNPATH_SEARCH_PATHS = "$(inherited) @executable_path/Frameworks";
				PRODUCT_BUNDLE_IDENTIFIER = com.MeitarB.SuperCool;
				PRODUCT_NAME = "$(TARGET_NAME)";
			};
			name = Release;
		};
/* End XCBuildConfiguration section */

/* Begin XCConfigurationList section */
		A952A3AE1CF0A71700BB4F68 /* Build configuration list for PBXProject "SuperCool" */ = {
			isa = XCConfigurationList;
			buildConfigurations = (
				A952A3C31CF0A71900BB4F68 /* Debug */,
				A952A3C41CF0A71900BB4F68 /* Release */,
			);
			defaultConfigurationIsVisible = 0;
			defaultConfigurationName = Release;
		};
		A952A3C51CF0A71900BB4F68 /* Build configuration list for PBXNativeTarget "SuperCool" */ = {
			isa = XCConfigurationList;
			buildConfigurations = (
				A952A3C61CF0A71900BB4F68 /* Debug */,
				A952A3C71CF0A71900BB4F68 /* Release */,
			);
			defaultConfigurationIsVisible = 0;
			defaultConfigurationName = Release;
		};
/* End XCConfigurationList section */
	};
	rootObject = A952A3AB1CF0A71700BB4F68 /* Project object */;
}
